
Microsoft Visual Studio Solution File, Format Version 12.00
# Visual Studio Version 17
VisualStudioVersion = 17.10.34928.147
MinimumVisualStudioVersion = 10.0.40219.1
Project("{FAE04EC0-301F-11D3-BF4B-00C04F79EFBC}") = "Laboratorio1", "Laboratorio1\Laboratorio1.csproj", "{00AAC363-2744-4A9F-AFD7-0DD9FE72627D}"
EndProject
Project("{FAE04EC0-301F-11D3-BF4B-00C04F79EFBC}") = "Laboratorio1.Tests", "Laboratorio1.Tests\Laboratorio1.Tests.csproj", "{EBB036C1-5028-4510-9331-4B6769FE5A40}"
EndProject
Global
	GlobalSection(SolutionConfigurationPlatforms) = preSolution
		Debug|Any CPU = Debug|Any CPU
		Release|Any CPU = Release|Any CPU
	EndGlobalSection
	GlobalSection(ProjectConfigurationPlatforms) = postSolution
		{00AAC363-2744-4A9F-AFD7-0DD9FE72627D}.Debug|Any CPU.ActiveCfg = Debug|Any CPU
		{00AAC363-2744-4A9F-AFD7-0DD9FE72627D}.Debug|Any CPU.Build.0 = Debug|Any CPU
		{00AAC363-2744-4A9F-AFD7-0DD9FE72627D}.Release|Any CPU.ActiveCfg = Release|Any CPU
		{00AAC363-2744-4A9F-AFD7-0DD9FE72627D}.Release|Any CPU.Build.0 = Release|Any CPU
		{EBB036C1-5028-4510-9331-4B6769FE5A40}.Debug|Any CPU.ActiveCfg = Debug|Any CPU
		{EBB036C1-5028-4510-9331-4B6769FE5A40}.Debug|Any CPU.Build.0 = Debug|Any CPU
		{EBB036C1-5028-4510-9331-4B6769FE5A40}.Release|Any CPU.ActiveCfg = Release|Any CPU
		{EBB036C1-5028-4510-9331-4B6769FE5A40}.Release|Any CPU.Build.0 = Release|Any CPU
	EndGlobalSection
	GlobalSection(SolutionProperties) = preSolution
		HideSolutionNode = FALSE
	EndGlobalSection
	GlobalSection(ExtensibilityGlobals) = postSolution
		SolutionGuid = {6870D111-73BE-46E7-9958-0F55A8FB9C76}
	EndGlobalSection
EndGlobal
